
Microsoft Visual Studio Solution File, Format Version 12.00
# Visual Studio Version 16
VisualStudioVersion = 16.0.30804.86
MinimumVisualStudioVersion = 10.0.40219.1
Project("{FAE04EC0-301F-11D3-BF4B-00C04F79EFBC}") = "API", "API.csproj", "{961A91B0-FC2A-4DA9-A24D-0C5E2A7949CE}"
EndProject
Global
	GlobalSection(SolutionConfigurationPlatforms) = preSolution
		Debug|Any CPU = Debug|Any CPU
		Release|Any CPU = Release|Any CPU
	EndGlobalSection
	GlobalSection(ProjectConfigurationPlatforms) = postSolution
		{961A91B0-FC2A-4DA9-A24D-0C5E2A7949CE}.Debug|Any CPU.ActiveCfg = Debug|Any CPU
		{961A91B0-FC2A-4DA9-A24D-0C5E2A7949CE}.Debug|Any CPU.Build.0 = Debug|Any CPU
		{961A91B0-FC2A-4DA9-A24D-0C5E2A7949CE}.Release|Any CPU.ActiveCfg = Release|Any CPU
		{961A91B0-FC2A-4DA9-A24D-0C5E2A7949CE}.Release|Any CPU.Build.0 = Release|Any CPU
	EndGlobalSection
	GlobalSection(SolutionProperties) = preSolution
		HideSolutionNode = FALSE
	EndGlobalSection
	GlobalSection(ExtensibilityGlobals) = postSolution
		SolutionGuid = {8FFC12A4-C981-4602-AFE5-2BC5584BDAAF}
	EndGlobalSection
EndGlobal
